<?xml version="1.0" encoding="UTF-8"?>
<Scheme
   LastUpgradeVersion = "0710"
   version = "1.3">
   <BuildAction
      parallelizeBuildables = "YES"
      buildImplicitDependencies = "YES">
      <BuildActionEntries>
         <BuildActionEntry
            buildForTesting = "YES"
            buildForRunning = "YES"
            buildForProfiling = "YES"
            buildForArchiving = "YES"
            buildForAnalyzing = "YES">
            <BuildableReference
               BuildableIdentifier = "primary"
               BlueprintIdentifier = "49F19F1D1C33C8410053FAB1"
               BuildableName = "UI14_ UILayer&#x5b9e;&#x73b0;&#x5706;&#x89d2;_&#x9634;&#x5f71;.app"
               BlueprintName = "UI14_ UILayer&#x5b9e;&#x73b0;&#x5706;&#x89d2;_&#x9634;&#x5f71;"
               ReferencedContainer = "container:UI14_ UILayer&#x5b9e;&#x73b0;&#x5706;&#x89d2;_&#x9634;&#x5f71;.xcodeproj">
            </BuildableReference>
         </BuildActionEntry>
      </BuildActionEntries>
   </BuildAction>
   <TestAction
      buildConfiguration = "Debug"
      selectedDebuggerIdentifier = "Xcode.DebuggerFoundation.Debugger.LLDB"
      selectedLauncherIdentifier = "Xcode.DebuggerFoundation.Launcher.LLDB"
      shouldUseLaunchSchemeArgsEnv = "YES">
      <Testables>
         <TestableReference
            skipped = "NO">
            <BuildableReference
               BuildableIdentifier = "primary"
               BlueprintIdentifier = "49F19F361C33C8430053FAB1"
               BuildableName = "UI14_ UILayer&#x5b9e;&#x73b0;&#x5706;&#x89d2;_&#x9634;&#x5f71;Tests.xctest"
               BlueprintName = "UI14_ UILayer&#x5b9e;&#x73b0;&#x5706;&#x89d2;_&#x9634;&#x5f71;Tests"
               ReferencedContainer = "container:UI14_ UILayer&#x5b9e;&#x73b0;&#x5706;&#x89d2;_&#x9634;&#x5f71;.xcodeproj">
            </BuildableReference>
         </TestableReference>
         <TestableReference
            skipped = "NO">
            <BuildableReference
               BuildableIdentifier = "primary"
               BlueprintIdentifier = "49F19F411C33C8430053FAB1"
               BuildableName = "UI14_ UILayer&#x5b9e;&#x73b0;&#x5706;&#x89d2;_&#x9634;&#x5f71;UITests.xctest"
               BlueprintName = "UI14_ UILayer&#x5b9e;&#x73b0;&#x5706;&#x89d2;_&#x9634;&#x5f71;UITests"
               ReferencedContainer = "container:UI14_ UILayer&#x5b9e;&#x73b0;&#x5706;&#x89d2;_&#x9634;&#x5f71;.xcodeproj">
            </BuildableReference>
         </TestableReference>
      </Testables>
      <MacroExpansion>
         <BuildableReference
            BuildableIdentifier = "primary"
            BlueprintIdentifier = "49F19F1D1C33C8410053FAB1"
            BuildableName = "UI14_ UILayer&#x5b9e;&#x73b0;&#x5706;&#x89d2;_&#x9634;&#x5f71;.app"
            BlueprintName = "UI14_ UILayer&#x5b9e;&#x73b0;&#x5706;&#x89d2;_&#x9634;&#x5f71;"
            ReferencedContainer = "container:UI14_ UILayer&#x5b9e;&#x73b0;&#x5706;&#x89d2;_&#x9634;&#x5f71;.xcodeproj">
         </BuildableReference>
      </MacroExpansion>
      <AdditionalOptions>
      </AdditionalOptions>
   </TestAction>
   <LaunchAction
      buildConfiguration = "Debug"
      selectedDebuggerIdentifier = "Xcode.DebuggerFoundation.Debugger.LLDB"
      selectedLauncherIdentifier = "Xcode.DebuggerFoundation.Launcher.LLDB"
      launchStyle = "0"
      useCustomWorkingDirectory = "NO"
      ignoresPersistentStateOnLaunch = "NO"
      debugDocumentVersioning = "YES"
      debugServiceExtension = "internal"
      allowLocationSimulation = "YES">
      <BuildableProductRunnable
         runnableDebuggingMode = "0">
         <BuildableReference
            BuildableIdentifier = "primary"
            BlueprintIdentifier = "49F19F1D1C33C8410053FAB1"
            BuildableName = "UI14_ UILayer&#x5b9e;&#x73b0;&#x5706;&#x89d2;_&#x9634;&#x5f71;.app"
            BlueprintName = "UI14_ UILayer&#x5b9e;&#x73b0;&#x5706;&#x89d2;_&#x9634;&#x5f71;"
            ReferencedContainer = "container:UI14_ UILayer&#x5b9e;&#x73b0;&#x5706;&#x89d2;_&#x9634;&#x5f71;.xcodeproj">
         </BuildableReference>
      </BuildableProductRunnable>
      <AdditionalOptions>
      </AdditionalOptions>
   </LaunchAction>
   <ProfileAction
      buildConfiguration = "Release"
      shouldUseLaunchSchemeArgsEnv = "YES"
      savedToolIdentifier = ""
      useCustomWorkingDirectory = "NO"
      debugDocumentVersioning = "YES">
      <BuildableProductRunnable
         runnableDebuggingMode = "0">
         <BuildableReference
            BuildableIdentifier = "primary"
            BlueprintIdentifier = "49F19F1D1C33C8410053FAB1"
            BuildableName = "UI14_ UILayer&#x5b9e;&#x73b0;&#x5706;&#x89d2;_&#x9634;&#x5f71;.app"
            BlueprintName = "UI14_ UILayer&#x5b9e;&#x73b0;&#x5706;&#x89d2;_&#x9634;&#x5f71;"
            ReferencedContainer = "container:UI14_ UILayer&#x5b9e;&#x73b0;&#x5706;&#x89d2;_&#x9634;&#x5f71;.xcodeproj">
         </BuildableReference>
      </BuildableProductRunnable>
   </ProfileAction>
   <AnalyzeAction
      buildConfiguration = "Debug">
   </AnalyzeAction>
   <ArchiveAction
      buildConfiguration = "Release"
      revealArchiveInOrganizer = "YES">
   </ArchiveAction>
</Scheme>
